FORGE
  remote: http://forge.puppetlabs.com
  specs:
    puppetlabs/stdlib (4.1.0)

GIT
  remote: https://github.com/AndrewLorente/puppet-nginx.git
  ref: master
  sha: fe0cb665c3e31ba62b32c7fb0a6405672354d83e
  specs:
    dhutty/nginx (0.0.2)

DEPENDENCIES
  dhutty/nginx (>= 0)
  puppetlabs/stdlib (>= 0)

