FORGE
  remote: http://forge.puppetlabs.com
  specs:
    puppetlabs/stdlib (4.1.0)

GIT
  remote: https://github.com/AndrewLorente/puppet-nginx.git
  ref: master
  sha: 7de21a36c3e8d4d44f1bb692214ffc0d3f77a1cb
  specs:
    dhutty/nginx (0.0.2)

DEPENDENCIES
  dhutty/nginx (>= 0)
  puppetlabs/stdlib (>= 0)

