FORGE
  remote: http://forge.puppetlabs.com
  specs:
    puppetlabs/stdlib (4.1.0)

GIT
  remote: https://github.com/AndrewLorente/puppet-nginx.git
  ref: master
  sha: dd6688e780f0bd64a74bad4ca30eb0a5e9fd1dc7
  specs:
    dhutty/nginx (0.0.2)

DEPENDENCIES
  dhutty/nginx (>= 0)
  puppetlabs/stdlib (>= 0)

